
Microsoft Visual Studio Solution File, Format Version 12.00
# Visual Studio Version 17
VisualStudioVersion = 17.2.32505.173
MinimumVisualStudioVersion = 10.0.40219.1
Project("{FAE04EC0-301F-11D3-BF4B-00C04F79EFBC}") = "Pr16.Android", "Pr16\Pr16.Android\Pr16.Android.csproj", "{C92528EA-B709-4AC8-AA04-271EFC5D718A}"
EndProject
Project("{FAE04EC0-301F-11D3-BF4B-00C04F79EFBC}") = "Pr16.iOS", "Pr16\Pr16.iOS\Pr16.iOS.csproj", "{06B39F1D-ECA7-4912-AC66-3D2D7507D2AE}"
EndProject
Project("{FAE04EC0-301F-11D3-BF4B-00C04F79EFBC}") = "Pr16", "Pr16\Pr16\Pr16.csproj", "{B39F6A49-7FB2-4E47-A406-9805EF448F18}"
EndProject
Global
	GlobalSection(SolutionConfigurationPlatforms) = preSolution
		Debug|Any CPU = Debug|Any CPU
		Debug|iPhone = Debug|iPhone
		Debug|iPhoneSimulator = Debug|iPhoneSimulator
		Release|Any CPU = Release|Any CPU
		Release|iPhone = Release|iPhone
		Release|iPhoneSimulator = Release|iPhoneSimulator
	EndGlobalSection
	GlobalSection(ProjectConfigurationPlatforms) = postSolution
		{C92528EA-B709-4AC8-AA04-271EFC5D718A}.Debug|Any CPU.ActiveCfg = Debug|Any CPU
		{C92528EA-B709-4AC8-AA04-271EFC5D718A}.Debug|Any CPU.Build.0 = Debug|Any CPU
		{C92528EA-B709-4AC8-AA04-271EFC5D718A}.Debug|Any CPU.Deploy.0 = Debug|Any CPU
		{C92528EA-B709-4AC8-AA04-271EFC5D718A}.Debug|iPhone.ActiveCfg = Debug|Any CPU
		{C92528EA-B709-4AC8-AA04-271EFC5D718A}.Debug|iPhone.Build.0 = Debug|Any CPU
		{C92528EA-B709-4AC8-AA04-271EFC5D718A}.Debug|iPhone.Deploy.0 = Debug|Any CPU
		{C92528EA-B709-4AC8-AA04-271EFC5D718A}.Debug|iPhoneSimulator.ActiveCfg = Debug|Any CPU
		{C92528EA-B709-4AC8-AA04-271EFC5D718A}.Debug|iPhoneSimulator.Build.0 = Debug|Any CPU
		{C92528EA-B709-4AC8-AA04-271EFC5D718A}.Debug|iPhoneSimulator.Deploy.0 = Debug|Any CPU
		{C92528EA-B709-4AC8-AA04-271EFC5D718A}.Release|Any CPU.ActiveCfg = Release|Any CPU
		{C92528EA-B709-4AC8-AA04-271EFC5D718A}.Release|Any CPU.Build.0 = Release|Any CPU
		{C92528EA-B709-4AC8-AA04-271EFC5D718A}.Release|Any CPU.Deploy.0 = Release|Any CPU
		{C92528EA-B709-4AC8-AA04-271EFC5D718A}.Release|iPhone.ActiveCfg = Release|Any CPU
		{C92528EA-B709-4AC8-AA04-271EFC5D718A}.Release|iPhone.Build.0 = Release|Any CPU
		{C92528EA-B709-4AC8-AA04-271EFC5D718A}.Release|iPhone.Deploy.0 = Release|Any CPU
		{C92528EA-B709-4AC8-AA04-271EFC5D718A}.Release|iPhoneSimulator.ActiveCfg = Release|Any CPU
		{C92528EA-B709-4AC8-AA04-271EFC5D718A}.Release|iPhoneSimulator.Build.0 = Release|Any CPU
		{C92528EA-B709-4AC8-AA04-271EFC5D718A}.Release|iPhoneSimulator.Deploy.0 = Release|Any CPU
		{06B39F1D-ECA7-4912-AC66-3D2D7507D2AE}.Debug|Any CPU.ActiveCfg = Debug|iPhone
		{06B39F1D-ECA7-4912-AC66-3D2D7507D2AE}.Debug|Any CPU.Build.0 = Debug|iPhone
		{06B39F1D-ECA7-4912-AC66-3D2D7507D2AE}.Debug|Any CPU.Deploy.0 = Debug|iPhone
		{06B39F1D-ECA7-4912-AC66-3D2D7507D2AE}.Debug|iPhone.ActiveCfg = Debug|iPhone
		{06B39F1D-ECA7-4912-AC66-3D2D7507D2AE}.Debug|iPhone.Build.0 = Debug|iPhone
		{06B39F1D-ECA7-4912-AC66-3D2D7507D2AE}.Debug|iPhone.Deploy.0 = Debug|iPhone
		{06B39F1D-ECA7-4912-AC66-3D2D7507D2AE}.Debug|iPhoneSimulator.ActiveCfg = Debug|iPhoneSimulator
		{06B39F1D-ECA7-4912-AC66-3D2D7507D2AE}.Debug|iPhoneSimulator.Build.0 = Debug|iPhoneSimulator
		{06B39F1D-ECA7-4912-AC66-3D2D7507D2AE}.Debug|iPhoneSimulator.Deploy.0 = Debug|iPhoneSimulator
		{06B39F1D-ECA7-4912-AC66-3D2D7507D2AE}.Release|Any CPU.ActiveCfg = Release|iPhoneSimulator
		{06B39F1D-ECA7-4912-AC66-3D2D7507D2AE}.Release|Any CPU.Build.0 = Release|iPhoneSimulator
		{06B39F1D-ECA7-4912-AC66-3D2D7507D2AE}.Release|Any CPU.Deploy.0 = Release|iPhoneSimulator
		{06B39F1D-ECA7-4912-AC66-3D2D7507D2AE}.Release|iPhone.ActiveCfg = Release|iPhone
		{06B39F1D-ECA7-4912-AC66-3D2D7507D2AE}.Release|iPhone.Build.0 = Release|iPhone
		{06B39F1D-ECA7-4912-AC66-3D2D7507D2AE}.Release|iPhone.Deploy.0 = Release|iPhone
		{06B39F1D-ECA7-4912-AC66-3D2D7507D2AE}.Release|iPhoneSimulator.ActiveCfg = Release|iPhoneSimulator
		{06B39F1D-ECA7-4912-AC66-3D2D7507D2AE}.Release|iPhoneSimulator.Build.0 = Release|iPhoneSimulator
		{06B39F1D-ECA7-4912-AC66-3D2D7507D2AE}.Release|iPhoneSimulator.Deploy.0 = Release|iPhoneSimulator
		{B39F6A49-7FB2-4E47-A406-9805EF448F18}.Debug|Any CPU.ActiveCfg = Debug|Any CPU
		{B39F6A49-7FB2-4E47-A406-9805EF448F18}.Debug|Any CPU.Build.0 = Debug|Any CPU
		{B39F6A49-7FB2-4E47-A406-9805EF448F18}.Debug|Any CPU.Deploy.0 = Debug|Any CPU
		{B39F6A49-7FB2-4E47-A406-9805EF448F18}.Debug|iPhone.ActiveCfg = Debug|Any CPU
		{B39F6A49-7FB2-4E47-A406-9805EF448F18}.Debug|iPhone.Build.0 = Debug|Any CPU
		{B39F6A49-7FB2-4E47-A406-9805EF448F18}.Debug|iPhone.Deploy.0 = Debug|Any CPU
		{B39F6A49-7FB2-4E47-A406-9805EF448F18}.Debug|iPhoneSimulator.ActiveCfg = Debug|Any CPU
		{B39F6A49-7FB2-4E47-A406-9805EF448F18}.Debug|iPhoneSimulator.Build.0 = Debug|Any CPU
		{B39F6A49-7FB2-4E47-A406-9805EF448F18}.Debug|iPhoneSimulator.Deploy.0 = Debug|Any CPU
		{B39F6A49-7FB2-4E47-A406-9805EF448F18}.Release|Any CPU.ActiveCfg = Release|Any CPU
		{B39F6A49-7FB2-4E47-A406-9805EF448F18}.Release|Any CPU.Build.0 = Release|Any CPU
		{B39F6A49-7FB2-4E47-A406-9805EF448F18}.Release|Any CPU.Deploy.0 = Release|Any CPU
		{B39F6A49-7FB2-4E47-A406-9805EF448F18}.Release|iPhone.ActiveCfg = Release|Any CPU
		{B39F6A49-7FB2-4E47-A406-9805EF448F18}.Release|iPhone.Build.0 = Release|Any CPU
		{B39F6A49-7FB2-4E47-A406-9805EF448F18}.Release|iPhone.Deploy.0 = Release|Any CPU
		{B39F6A49-7FB2-4E47-A406-9805EF448F18}.Release|iPhoneSimulator.ActiveCfg = Release|Any CPU
		{B39F6A49-7FB2-4E47-A406-9805EF448F18}.Release|iPhoneSimulator.Build.0 = Release|Any CPU
		{B39F6A49-7FB2-4E47-A406-9805EF448F18}.Release|iPhoneSimulator.Deploy.0 = Release|Any CPU
	EndGlobalSection
	GlobalSection(SolutionProperties) = preSolution
		HideSolutionNode = FALSE
	EndGlobalSection
	GlobalSection(ExtensibilityGlobals) = postSolution
		SolutionGuid = {ACD508F4-292E-4D0E-9095-3935222FCA4B}
	EndGlobalSection
EndGlobal
